{
  "name": "scode-terminal-resize",
  "lockfileVersion": 3,
  "requires": true,
  "packages": {
    "": {
      "dependencies": {
        "@xterm/addon-unicode11": "0.10.0-beta.301",
        "@xterm/headless": "6.1.0-beta.303",
        "node-pty": "1.2.0-beta.15"
      },
      "name": "scode-terminal-resize"
    },
    "node_modules/@xterm/addon-unicode11": {
      "version": "0.10.0-beta.301",
      "resolved": "https://registry.npmjs.org/@xterm/addon-unicode11/-/addon-unicode11-0.10.0-beta.301.tgz",
      "integrity": "sha512-SS5BzfbvfFIikE4xZFAtHu6n0Kl5R1ZCPx41RL2WULLSE+HFo/WmYee53tMxNK/QUjpcQWepeVB7HebCPhHnig==",
      "license": "MIT",
      "peerDependencies": {
        "@xterm/xterm": "^6.1.0-beta.304"
      }
    },
    "node_modules/@xterm/headless": {
      "version": "6.1.0-beta.303",
      "resolved": "https://registry.npmjs.org/@xterm/headless/-/headless-6.1.0-beta.303.tgz",
      "integrity": "sha512-FjPRg5OF0UdloypPRZcUdtpxaxYKk7FdNArgpOaedoj7UWzinB+THZyEY7t6QHRR5bjcbz7B7s4vX0Zo5LT6aw==",
      "license": "MIT",
      "workspaces": [
        "addons/*"
      ]
    },
    "node_modules/@xterm/xterm": {
      "version": "6.1.0-beta.304",
      "resolved": "https://registry.npmjs.org/@xterm/xterm/-/xterm-6.1.0-beta.304.tgz",
      "integrity": "sha512-Wq9d4qFYslYQBIan+riXotdyurtREc6v+HWdAwV6Y2JSDI9eJ1dkWm/fzYb2rCGgGnM3baiYuSK4Z6OLNKLzDw==",
      "license": "MIT",
      "peer": true,
      "workspaces": [
        "addons/*"
      ]
    },
    "node_modules/node-addon-api": {
      "version": "7.1.1",
      "resolved": "https://registry.npmjs.org/node-addon-api/-/node-addon-api-7.1.1.tgz",
      "integrity": "sha512-5m3bsyrjFWE1xf7nz7YXdN4udnVtXK6/Yfgn5qnahL6bCkf2yKt4k3nuTKAtT4r3IG8JNR2ncsIMdZuAzJjHQQ==",
      "license": "MIT"
    },
    "node_modules/node-pty": {
      "version": "1.2.0-beta.15",
      "resolved": "https://registry.npmjs.org/node-pty/-/node-pty-1.2.0-beta.15.tgz",
      "integrity": "sha512-vORSzHXi4Ofl7HemVWpuudLqCPdaQb4LfpRCUpE5HPxhp4JYscl8zZwxh11p26v2wvW24WMwnMfLjhRLixrfxA==",
      "hasInstallScript": true,
      "license": "MIT",
      "dependencies": {
        "node-addon-api": "^7.1.0"
      }
    }
  }
}
